
Microsoft Visual Studio Solution File, Format Version 12.00
# Visual Studio Version 17
VisualStudioVersion = 17.0.32002.185
MinimumVisualStudioVersion = 10.0.40219.1
Project("{9A19103F-16F7-4668-BE54-9A1E7A4F7556}") = "Fly.Shopping", "src\Services\Fly.Shopping\Fly.Shopping.csproj", "{96AD31C8-5460-4347-BE1D-F8D6B37C2C45}"
EndProject
Project("{9A19103F-16F7-4668-BE54-9A1E7A4F7556}") = "Fly.Domain", "src\Services\Fly.Domain\Fly.Domain.csproj", "{91D9C01E-EC7A-41ED-8B3B-6965DD09F476}"
EndProject
Project("{9A19103F-16F7-4668-BE54-9A1E7A4F7556}") = "Fly.Common", "src\Services\Fly.Common\Fly.Common.csproj", "{9B4A8789-598B-43E4-936C-EA6F131EECB8}"
EndProject
Project("{9A19103F-16F7-4668-BE54-9A1E7A4F7556}") = "FLy.Persistence", "src\Services\FLy.Persistence\FLy.Persistence.csproj", "{E76F79F6-4502-4D78-9BD3-B5CD3AC4DF2A}"
EndProject
Project("{9A19103F-16F7-4668-BE54-9A1E7A4F7556}") = "Fly.Application", "src\Services\Fly.Application\Fly.Application.csproj", "{3D418C18-EA1E-4CFE-8A4F-AC4E59C95626}"
EndProject
Project("{9A19103F-16F7-4668-BE54-9A1E7A4F7556}") = "Fly.Infrastructure", "src\Services\Fly.Infrastructure\Fly.Infrastructure.csproj", "{1F8993A7-FD30-4176-A3AC-511BE71DD910}"
EndProject
Project("{E53339B2-1760-4266-BCC7-CA923CBCF16C}") = "docker-compose", "docker-compose.dcproj", "{2BB88647-63DB-412D-8636-BC3003719CA5}"
EndProject
Project("{2150E333-8FDC-42A3-9474-1A3956D46DE8}") = "src", "src", "{5FC751EF-BA8E-41F7-A133-887C9FBF80F4}"
EndProject
Project("{2150E333-8FDC-42A3-9474-1A3956D46DE8}") = "test", "test", "{2F806B2D-57BF-4D6B-8EC6-68C51B207B32}"
EndProject
Project("{FAE04EC0-301F-11D3-BF4B-00C04F79EFBC}") = "Fly.Application.Tests", "test\Fly.Application.Tests\Fly.Application.Tests.csproj", "{B0F3D739-61CD-49D3-9D72-2E25810C77B6}"
EndProject
Project("{FAE04EC0-301F-11D3-BF4B-00C04F79EFBC}") = "Fly.Tests.Helper", "test\Fly.Tests.Helper\Fly.Tests.Helper.csproj", "{1789CC9B-3604-43D2-AF49-EF2110564454}"
EndProject
Global
	GlobalSection(SolutionConfigurationPlatforms) = preSolution
		Debug|Any CPU = Debug|Any CPU
		Release|Any CPU = Release|Any CPU
	EndGlobalSection
	GlobalSection(ProjectConfigurationPlatforms) = postSolution
		{96AD31C8-5460-4347-BE1D-F8D6B37C2C45}.Debug|Any CPU.ActiveCfg = Debug|Any CPU
		{96AD31C8-5460-4347-BE1D-F8D6B37C2C45}.Debug|Any CPU.Build.0 = Debug|Any CPU
		{96AD31C8-5460-4347-BE1D-F8D6B37C2C45}.Release|Any CPU.ActiveCfg = Release|Any CPU
		{96AD31C8-5460-4347-BE1D-F8D6B37C2C45}.Release|Any CPU.Build.0 = Release|Any CPU
		{91D9C01E-EC7A-41ED-8B3B-6965DD09F476}.Debug|Any CPU.ActiveCfg = Debug|Any CPU
		{91D9C01E-EC7A-41ED-8B3B-6965DD09F476}.Debug|Any CPU.Build.0 = Debug|Any CPU
		{91D9C01E-EC7A-41ED-8B3B-6965DD09F476}.Release|Any CPU.ActiveCfg = Release|Any CPU
		{91D9C01E-EC7A-41ED-8B3B-6965DD09F476}.Release|Any CPU.Build.0 = Release|Any CPU
		{9B4A8789-598B-43E4-936C-EA6F131EECB8}.Debug|Any CPU.ActiveCfg = Debug|Any CPU
		{9B4A8789-598B-43E4-936C-EA6F131EECB8}.Debug|Any CPU.Build.0 = Debug|Any CPU
		{9B4A8789-598B-43E4-936C-EA6F131EECB8}.Release|Any CPU.ActiveCfg = Release|Any CPU
		{9B4A8789-598B-43E4-936C-EA6F131EECB8}.Release|Any CPU.Build.0 = Release|Any CPU
		{E76F79F6-4502-4D78-9BD3-B5CD3AC4DF2A}.Debug|Any CPU.ActiveCfg = Debug|Any CPU
		{E76F79F6-4502-4D78-9BD3-B5CD3AC4DF2A}.Debug|Any CPU.Build.0 = Debug|Any CPU
		{E76F79F6-4502-4D78-9BD3-B5CD3AC4DF2A}.Release|Any CPU.ActiveCfg = Release|Any CPU
		{E76F79F6-4502-4D78-9BD3-B5CD3AC4DF2A}.Release|Any CPU.Build.0 = Release|Any CPU
		{3D418C18-EA1E-4CFE-8A4F-AC4E59C95626}.Debug|Any CPU.ActiveCfg = Debug|Any CPU
		{3D418C18-EA1E-4CFE-8A4F-AC4E59C95626}.Debug|Any CPU.Build.0 = Debug|Any CPU
		{3D418C18-EA1E-4CFE-8A4F-AC4E59C95626}.Release|Any CPU.ActiveCfg = Release|Any CPU
		{3D418C18-EA1E-4CFE-8A4F-AC4E59C95626}.Release|Any CPU.Build.0 = Release|Any CPU
		{1F8993A7-FD30-4176-A3AC-511BE71DD910}.Debug|Any CPU.ActiveCfg = Debug|Any CPU
		{1F8993A7-FD30-4176-A3AC-511BE71DD910}.Debug|Any CPU.Build.0 = Debug|Any CPU
		{1F8993A7-FD30-4176-A3AC-511BE71DD910}.Release|Any CPU.ActiveCfg = Release|Any CPU
		{1F8993A7-FD30-4176-A3AC-511BE71DD910}.Release|Any CPU.Build.0 = Release|Any CPU
		{2BB88647-63DB-412D-8636-BC3003719CA5}.Debug|Any CPU.ActiveCfg = Debug|Any CPU
		{2BB88647-63DB-412D-8636-BC3003719CA5}.Debug|Any CPU.Build.0 = Debug|Any CPU
		{2BB88647-63DB-412D-8636-BC3003719CA5}.Release|Any CPU.ActiveCfg = Release|Any CPU
		{2BB88647-63DB-412D-8636-BC3003719CA5}.Release|Any CPU.Build.0 = Release|Any CPU
		{B0F3D739-61CD-49D3-9D72-2E25810C77B6}.Debug|Any CPU.ActiveCfg = Debug|Any CPU
		{B0F3D739-61CD-49D3-9D72-2E25810C77B6}.Debug|Any CPU.Build.0 = Debug|Any CPU
		{B0F3D739-61CD-49D3-9D72-2E25810C77B6}.Release|Any CPU.ActiveCfg = Release|Any CPU
		{B0F3D739-61CD-49D3-9D72-2E25810C77B6}.Release|Any CPU.Build.0 = Release|Any CPU
		{1789CC9B-3604-43D2-AF49-EF2110564454}.Debug|Any CPU.ActiveCfg = Debug|Any CPU
		{1789CC9B-3604-43D2-AF49-EF2110564454}.Debug|Any CPU.Build.0 = Debug|Any CPU
		{1789CC9B-3604-43D2-AF49-EF2110564454}.Release|Any CPU.ActiveCfg = Release|Any CPU
		{1789CC9B-3604-43D2-AF49-EF2110564454}.Release|Any CPU.Build.0 = Release|Any CPU
	EndGlobalSection
	GlobalSection(SolutionProperties) = preSolution
		HideSolutionNode = FALSE
	EndGlobalSection
	GlobalSection(ExtensibilityGlobals) = postSolution
		SolutionGuid = {18733505-8E47-430C-AD15-607B16E0B0BB}
	EndGlobalSection
	GlobalSection(NestedProjects) = preSolution
		{3D418C18-EA1E-4CFE-8A4F-AC4E59C95626} = {5FC751EF-BA8E-41F7-A133-887C9FBF80F4}
		{9B4A8789-598B-43E4-936C-EA6F131EECB8} = {5FC751EF-BA8E-41F7-A133-887C9FBF80F4}
		{91D9C01E-EC7A-41ED-8B3B-6965DD09F476} = {5FC751EF-BA8E-41F7-A133-887C9FBF80F4}
		{1F8993A7-FD30-4176-A3AC-511BE71DD910} = {5FC751EF-BA8E-41F7-A133-887C9FBF80F4}
		{E76F79F6-4502-4D78-9BD3-B5CD3AC4DF2A} = {5FC751EF-BA8E-41F7-A133-887C9FBF80F4}
		{96AD31C8-5460-4347-BE1D-F8D6B37C2C45} = {5FC751EF-BA8E-41F7-A133-887C9FBF80F4}
		{B0F3D739-61CD-49D3-9D72-2E25810C77B6} = {2F806B2D-57BF-4D6B-8EC6-68C51B207B32}
		{1789CC9B-3604-43D2-AF49-EF2110564454} = {2F806B2D-57BF-4D6B-8EC6-68C51B207B32}
	EndGlobalSection
EndGlobal
