
Microsoft Visual Studio Solution File, Format Version 12.00
# Visual Studio Version 17
VisualStudioVersion = 17.0.32002.185
MinimumVisualStudioVersion = 10.0.40219.1
Project("{9A19103F-16F7-4668-BE54-9A1E7A4F7556}") = "Fly.Shopping", "src\Services\Fly.Shopping\Fly.Shopping.csproj", "{96AD31C8-5460-4347-BE1D-F8D6B37C2C45}"
EndProject
Project("{9A19103F-16F7-4668-BE54-9A1E7A4F7556}") = "Fly.Domain", "src\Services\Fly.Domain\Fly.Domain.csproj", "{91D9C01E-EC7A-41ED-8B3B-6965DD09F476}"
EndProject
Project("{FAE04EC0-301F-11D3-BF4B-00C04F79EFBC}") = "Fly.Common", "src\Services\Fly.Common\Fly.Common.csproj", "{9B4A8789-598B-43E4-936C-EA6F131EECB8}"
EndProject
Global
	GlobalSection(SolutionConfigurationPlatforms) = preSolution
		Debug|Any CPU = Debug|Any CPU
		Release|Any CPU = Release|Any CPU
	EndGlobalSection
	GlobalSection(ProjectConfigurationPlatforms) = postSolution
		{96AD31C8-5460-4347-BE1D-F8D6B37C2C45}.Debug|Any CPU.ActiveCfg = Debug|Any CPU
		{96AD31C8-5460-4347-BE1D-F8D6B37C2C45}.Debug|Any CPU.Build.0 = Debug|Any CPU
		{96AD31C8-5460-4347-BE1D-F8D6B37C2C45}.Release|Any CPU.ActiveCfg = Release|Any CPU
		{96AD31C8-5460-4347-BE1D-F8D6B37C2C45}.Release|Any CPU.Build.0 = Release|Any CPU
		{91D9C01E-EC7A-41ED-8B3B-6965DD09F476}.Debug|Any CPU.ActiveCfg = Debug|Any CPU
		{91D9C01E-EC7A-41ED-8B3B-6965DD09F476}.Debug|Any CPU.Build.0 = Debug|Any CPU
		{91D9C01E-EC7A-41ED-8B3B-6965DD09F476}.Release|Any CPU.ActiveCfg = Release|Any CPU
		{91D9C01E-EC7A-41ED-8B3B-6965DD09F476}.Release|Any CPU.Build.0 = Release|Any CPU
		{9B4A8789-598B-43E4-936C-EA6F131EECB8}.Debug|Any CPU.ActiveCfg = Debug|Any CPU
		{9B4A8789-598B-43E4-936C-EA6F131EECB8}.Debug|Any CPU.Build.0 = Debug|Any CPU
		{9B4A8789-598B-43E4-936C-EA6F131EECB8}.Release|Any CPU.ActiveCfg = Release|Any CPU
		{9B4A8789-598B-43E4-936C-EA6F131EECB8}.Release|Any CPU.Build.0 = Release|Any CPU
	EndGlobalSection
	GlobalSection(SolutionProperties) = preSolution
		HideSolutionNode = FALSE
	EndGlobalSection
	GlobalSection(ExtensibilityGlobals) = postSolution
		SolutionGuid = {18733505-8E47-430C-AD15-607B16E0B0BB}
	EndGlobalSection
EndGlobal
